
Microsoft Visual Studio Solution File, Format Version 12.00
# Visual Studio Version 17
VisualStudioVersion = 17.13.35931.197 d17.13
MinimumVisualStudioVersion = 10.0.40219.1
Project("{FAE04EC0-301F-11D3-BF4B-00C04F79EFBC}") = "evaluacion", "evaluacion\evaluacion.csproj", "{318F5C81-18A3-42BE-BD31-209354B76873}"
EndProject
Global
	GlobalSection(SolutionConfigurationPlatforms) = preSolution
		Debug|Any CPU = Debug|Any CPU
		Release|Any CPU = Release|Any CPU
	EndGlobalSection
	GlobalSection(ProjectConfigurationPlatforms) = postSolution
		{318F5C81-18A3-42BE-BD31-209354B76873}.Debug|Any CPU.ActiveCfg = Debug|Any CPU
		{318F5C81-18A3-42BE-BD31-209354B76873}.Debug|Any CPU.Build.0 = Debug|Any CPU
		{318F5C81-18A3-42BE-BD31-209354B76873}.Release|Any CPU.ActiveCfg = Release|Any CPU
		{318F5C81-18A3-42BE-BD31-209354B76873}.Release|Any CPU.Build.0 = Release|Any CPU
	EndGlobalSection
	GlobalSection(SolutionProperties) = preSolution
		HideSolutionNode = FALSE
	EndGlobalSection
	GlobalSection(ExtensibilityGlobals) = postSolution
		SolutionGuid = {0D5059F3-A043-415C-94E3-160A9D236FF0}
	EndGlobalSection
EndGlobal
